
Microsoft Visual Studio Solution File, Format Version 12.00
# Visual Studio Version 17
VisualStudioVersion = 17.7.34221.43
MinimumVisualStudioVersion = 10.0.40219.1
Project("{8BC9CEB8-8B4A-11D0-8D11-00A0C91BC942}") = "PenPaint", "PenPaint.vcxproj", "{4B2E93A3-F424-40FA-AC1D-EE7D347A870E}"
EndProject
Global
	GlobalSection(SolutionConfigurationPlatforms) = preSolution
		Debug|ARM64 = Debug|ARM64
		Debug|x64 = Debug|x64
		Debug|x86 = Debug|x86
		Release|ARM64 = Release|ARM64
		Release|x64 = Release|x64
		Release|x86 = Release|x86
	EndGlobalSection
	GlobalSection(ProjectConfigurationPlatforms) = postSolution
		{4B2E93A3-F424-40FA-AC1D-EE7D347A870E}.Debug|ARM64.ActiveCfg = Debug|ARM64
		{4B2E93A3-F424-40FA-AC1D-EE7D347A870E}.Debug|ARM64.Build.0 = Debug|ARM64
		{4B2E93A3-F424-40FA-AC1D-EE7D347A870E}.Debug|ARM64.Deploy.0 = Debug|ARM64
		{4B2E93A3-F424-40FA-AC1D-EE7D347A870E}.Debug|x64.ActiveCfg = Debug|x64
		{4B2E93A3-F424-40FA-AC1D-EE7D347A870E}.Debug|x64.Build.0 = Debug|x64
		{4B2E93A3-F424-40FA-AC1D-EE7D347A870E}.Debug|x64.Deploy.0 = Debug|x64
		{4B2E93A3-F424-40FA-AC1D-EE7D347A870E}.Debug|x86.ActiveCfg = Debug|Win32
		{4B2E93A3-F424-40FA-AC1D-EE7D347A870E}.Debug|x86.Build.0 = Debug|Win32
		{4B2E93A3-F424-40FA-AC1D-EE7D347A870E}.Debug|x86.Deploy.0 = Debug|Win32
		{4B2E93A3-F424-40FA-AC1D-EE7D347A870E}.Release|ARM64.ActiveCfg = Release|ARM64
		{4B2E93A3-F424-40FA-AC1D-EE7D347A870E}.Release|ARM64.Build.0 = Release|ARM64
		{4B2E93A3-F424-40FA-AC1D-EE7D347A870E}.Release|ARM64.Deploy.0 = Release|ARM64
		{4B2E93A3-F424-40FA-AC1D-EE7D347A870E}.Release|x64.ActiveCfg = Release|x64
		{4B2E93A3-F424-40FA-AC1D-EE7D347A870E}.Release|x64.Build.0 = Release|x64
		{4B2E93A3-F424-40FA-AC1D-EE7D347A870E}.Release|x64.Deploy.0 = Release|x64
		{4B2E93A3-F424-40FA-AC1D-EE7D347A870E}.Release|x86.ActiveCfg = Release|Win32
		{4B2E93A3-F424-40FA-AC1D-EE7D347A870E}.Release|x86.Build.0 = Release|Win32
		{4B2E93A3-F424-40FA-AC1D-EE7D347A870E}.Release|x86.Deploy.0 = Release|Win32
	EndGlobalSection
	GlobalSection(SolutionProperties) = preSolution
		HideSolutionNode = FALSE
	EndGlobalSection
	GlobalSection(ExtensibilityGlobals) = postSolution
		SolutionGuid = {703FE9CE-92B0-4F7F-8410-2D202F741238}
	EndGlobalSection
EndGlobal
